
Microsoft Visual Studio Solution File, Format Version 12.00
# Visual Studio 15
VisualStudioVersion = 15.0.26430.13
MinimumVisualStudioVersion = 10.0.40219.1
Project("{FAE04EC0-301F-11D3-BF4B-00C04F79EFBC}") = "TestXamarinApp.Android", "TestXamarinApp\TestXamarinApp.Android\TestXamarinApp.Android.csproj", "{058C4890-730E-4DEE-A7B7-A65AF05AF660}"
EndProject
Project("{FAE04EC0-301F-11D3-BF4B-00C04F79EFBC}") = "TestXamarinApp", "TestXamarinApp\TestXamarinApp\TestXamarinApp.csproj", "{6DF377A6-6DD6-453C-B3A7-BECE267E16B3}"
EndProject
Project("{FAE04EC0-301F-11D3-BF4B-00C04F79EFBC}") = "TestXamarinApp.UWP", "TestXamarinApp\TestXamarinApp.UWP\TestXamarinApp.UWP.csproj", "{B2AADC75-083D-4AF1-A581-F314FD678D81}"
EndProject
Project("{FAE04EC0-301F-11D3-BF4B-00C04F79EFBC}") = "TestXamarinApp.iOS", "TestXamarinApp\TestXamarinApp.iOS\TestXamarinApp.iOS.csproj", "{37D71E07-8F2B-4E86-A7F8-168A6CE03B40}"
EndProject
Global
	GlobalSection(SolutionConfigurationPlatforms) = preSolution
		Ad-Hoc|Any CPU = Ad-Hoc|Any CPU
		Ad-Hoc|ARM = Ad-Hoc|ARM
		Ad-Hoc|iPhone = Ad-Hoc|iPhone
		Ad-Hoc|iPhoneSimulator = Ad-Hoc|iPhoneSimulator
		Ad-Hoc|x64 = Ad-Hoc|x64
		Ad-Hoc|x86 = Ad-Hoc|x86
		AppStore|Any CPU = AppStore|Any CPU
		AppStore|ARM = AppStore|ARM
		AppStore|iPhone = AppStore|iPhone
		AppStore|iPhoneSimulator = AppStore|iPhoneSimulator
		AppStore|x64 = AppStore|x64
		AppStore|x86 = AppStore|x86
		Debug|Any CPU = Debug|Any CPU
		Debug|ARM = Debug|ARM
		Debug|iPhone = Debug|iPhone
		Debug|iPhoneSimulator = Debug|iPhoneSimulator
		Debug|x64 = Debug|x64
		Debug|x86 = Debug|x86
		Release|Any CPU = Release|Any CPU
		Release|ARM = Release|ARM
		Release|iPhone = Release|iPhone
		Release|iPhoneSimulator = Release|iPhoneSimulator
		Release|x64 = Release|x64
		Release|x86 = Release|x86
	EndGlobalSection
	GlobalSection(ProjectConfigurationPlatforms) = postSolution
		{058C4890-730E-4DEE-A7B7-A65AF05AF660}.Ad-Hoc|Any CPU.ActiveCfg = Release|Any CPU
		{058C4890-730E-4DEE-A7B7-A65AF05AF660}.Ad-Hoc|Any CPU.Build.0 = Release|Any CPU
		{058C4890-730E-4DEE-A7B7-A65AF05AF660}.Ad-Hoc|Any CPU.Deploy.0 = Release|Any CPU
		{058C4890-730E-4DEE-A7B7-A65AF05AF660}.Ad-Hoc|ARM.ActiveCfg = Release|Any CPU
		{058C4890-730E-4DEE-A7B7-A65AF05AF660}.Ad-Hoc|ARM.Build.0 = Release|Any CPU
		{058C4890-730E-4DEE-A7B7-A65AF05AF660}.Ad-Hoc|ARM.Deploy.0 = Release|Any CPU
		{058C4890-730E-4DEE-A7B7-A65AF05AF660}.Ad-Hoc|iPhone.ActiveCfg = Release|Any CPU
		{058C4890-730E-4DEE-A7B7-A65AF05AF660}.Ad-Hoc|iPhone.Build.0 = Release|Any CPU
		{058C4890-730E-4DEE-A7B7-A65AF05AF660}.Ad-Hoc|iPhone.Deploy.0 = Release|Any CPU
		{058C4890-730E-4DEE-A7B7-A65AF05AF660}.Ad-Hoc|iPhoneSimulator.ActiveCfg = Release|Any CPU
		{058C4890-730E-4DEE-A7B7-A65AF05AF660}.Ad-Hoc|iPhoneSimulator.Build.0 = Release|Any CPU
		{058C4890-730E-4DEE-A7B7-A65AF05AF660}.Ad-Hoc|iPhoneSimulator.Deploy.0 = Release|Any CPU
		{058C4890-730E-4DEE-A7B7-A65AF05AF660}.Ad-Hoc|x64.ActiveCfg = Release|Any CPU
		{058C4890-730E-4DEE-A7B7-A65AF05AF660}.Ad-Hoc|x64.Build.0 = Release|Any CPU
		{058C4890-730E-4DEE-A7B7-A65AF05AF660}.Ad-Hoc|x64.Deploy.0 = Release|Any CPU
		{058C4890-730E-4DEE-A7B7-A65AF05AF660}.Ad-Hoc|x86.ActiveCfg = Release|Any CPU
		{058C4890-730E-4DEE-A7B7-A65AF05AF660}.Ad-Hoc|x86.Build.0 = Release|Any CPU
		{058C4890-730E-4DEE-A7B7-A65AF05AF660}.Ad-Hoc|x86.Deploy.0 = Release|Any CPU
		{058C4890-730E-4DEE-A7B7-A65AF05AF660}.AppStore|Any CPU.ActiveCfg = Release|Any CPU
		{058C4890-730E-4DEE-A7B7-A65AF05AF660}.AppStore|Any CPU.Build.0 = Release|Any CPU
		{058C4890-730E-4DEE-A7B7-A65AF05AF660}.AppStore|Any CPU.Deploy.0 = Release|Any CPU
		{058C4890-730E-4DEE-A7B7-A65AF05AF660}.AppStore|ARM.ActiveCfg = Release|Any CPU
		{058C4890-730E-4DEE-A7B7-A65AF05AF660}.AppStore|ARM.Build.0 = Release|Any CPU
		{058C4890-730E-4DEE-A7B7-A65AF05AF660}.AppStore|ARM.Deploy.0 = Release|Any CPU
		{058C4890-730E-4DEE-A7B7-A65AF05AF660}.AppStore|iPhone.ActiveCfg = Release|Any CPU
		{058C4890-730E-4DEE-A7B7-A65AF05AF660}.AppStore|iPhone.Build.0 = Release|Any CPU
		{058C4890-730E-4DEE-A7B7-A65AF05AF660}.AppStore|iPhone.Deploy.0 = Release|Any CPU
		{058C4890-730E-4DEE-A7B7-A65AF05AF660}.AppStore|iPhoneSimulator.ActiveCfg = Release|Any CPU
		{058C4890-730E-4DEE-A7B7-A65AF05AF660}.AppStore|iPhoneSimulator.Build.0 = Release|Any CPU
		{058C4890-730E-4DEE-A7B7-A65AF05AF660}.AppStore|iPhoneSimulator.Deploy.0 = Release|Any CPU
		{058C4890-730E-4DEE-A7B7-A65AF05AF660}.AppStore|x64.ActiveCfg = Release|Any CPU
		{058C4890-730E-4DEE-A7B7-A65AF05AF660}.AppStore|x64.Build.0 = Release|Any CPU
		{058C4890-730E-4DEE-A7B7-A65AF05AF660}.AppStore|x64.Deploy.0 = Release|Any CPU
		{058C4890-730E-4DEE-A7B7-A65AF05AF660}.AppStore|x86.ActiveCfg = Release|Any CPU
		{058C4890-730E-4DEE-A7B7-A65AF05AF660}.AppStore|x86.Build.0 = Release|Any CPU
		{058C4890-730E-4DEE-A7B7-A65AF05AF660}.AppStore|x86.Deploy.0 = Release|Any CPU
		{058C4890-730E-4DEE-A7B7-A65AF05AF660}.Debug|Any CPU.ActiveCfg = Debug|Any CPU
		{058C4890-730E-4DEE-A7B7-A65AF05AF660}.Debug|Any CPU.Build.0 = Debug|Any CPU
		{058C4890-730E-4DEE-A7B7-A65AF05AF660}.Debug|Any CPU.Deploy.0 = Debug|Any CPU
		{058C4890-730E-4DEE-A7B7-A65AF05AF660}.Debug|ARM.ActiveCfg = Debug|Any CPU
		{058C4890-730E-4DEE-A7B7-A65AF05AF660}.Debug|ARM.Build.0 = Debug|Any CPU
		{058C4890-730E-4DEE-A7B7-A65AF05AF660}.Debug|ARM.Deploy.0 = Debug|Any CPU
		{058C4890-730E-4DEE-A7B7-A65AF05AF660}.Debug|iPhone.ActiveCfg = Debug|Any CPU
		{058C4890-730E-4DEE-A7B7-A65AF05AF660}.Debug|iPhone.Build.0 = Debug|Any CPU
		{058C4890-730E-4DEE-A7B7-A65AF05AF660}.Debug|iPhone.Deploy.0 = Debug|Any CPU
		{058C4890-730E-4DEE-A7B7-A65AF05AF660}.Debug|iPhoneSimulator.ActiveCfg = Debug|Any CPU
		{058C4890-730E-4DEE-A7B7-A65AF05AF660}.Debug|iPhoneSimulator.Build.0 = Debug|Any CPU
		{058C4890-730E-4DEE-A7B7-A65AF05AF660}.Debug|iPhoneSimulator.Deploy.0 = Debug|Any CPU
		{058C4890-730E-4DEE-A7B7-A65AF05AF660}.Debug|x64.ActiveCfg = Debug|Any CPU
		{058C4890-730E-4DEE-A7B7-A65AF05AF660}.Debug|x64.Build.0 = Debug|Any CPU
		{058C4890-730E-4DEE-A7B7-A65AF05AF660}.Debug|x64.Deploy.0 = Debug|Any CPU
		{058C4890-730E-4DEE-A7B7-A65AF05AF660}.Debug|x86.ActiveCfg = Debug|Any CPU
		{058C4890-730E-4DEE-A7B7-A65AF05AF660}.Debug|x86.Build.0 = Debug|Any CPU
		{058C4890-730E-4DEE-A7B7-A65AF05AF660}.Debug|x86.Deploy.0 = Debug|Any CPU
		{058C4890-730E-4DEE-A7B7-A65AF05AF660}.Release|Any CPU.ActiveCfg = Release|Any CPU
		{058C4890-730E-4DEE-A7B7-A65AF05AF660}.Release|Any CPU.Build.0 = Release|Any CPU
		{058C4890-730E-4DEE-A7B7-A65AF05AF660}.Release|Any CPU.Deploy.0 = Release|Any CPU
		{058C4890-730E-4DEE-A7B7-A65AF05AF660}.Release|ARM.ActiveCfg = Release|Any CPU
		{058C4890-730E-4DEE-A7B7-A65AF05AF660}.Release|ARM.Build.0 = Release|Any CPU
		{058C4890-730E-4DEE-A7B7-A65AF05AF660}.Release|ARM.Deploy.0 = Release|Any CPU
		{058C4890-730E-4DEE-A7B7-A65AF05AF660}.Release|iPhone.ActiveCfg = Release|Any CPU
		{058C4890-730E-4DEE-A7B7-A65AF05AF660}.Release|iPhone.Build.0 = Release|Any CPU
		{058C4890-730E-4DEE-A7B7-A65AF05AF660}.Release|iPhone.Deploy.0 = Release|Any CPU
		{058C4890-730E-4DEE-A7B7-A65AF05AF660}.Release|iPhoneSimulator.ActiveCfg = Release|Any CPU
		{058C4890-730E-4DEE-A7B7-A65AF05AF660}.Release|iPhoneSimulator.Build.0 = Release|Any CPU
		{058C4890-730E-4DEE-A7B7-A65AF05AF660}.Release|iPhoneSimulator.Deploy.0 = Release|Any CPU
		{058C4890-730E-4DEE-A7B7-A65AF05AF660}.Release|x64.ActiveCfg = Release|Any CPU
		{058C4890-730E-4DEE-A7B7-A65AF05AF660}.Release|x64.Build.0 = Release|Any CPU
		{058C4890-730E-4DEE-A7B7-A65AF05AF660}.Release|x64.Deploy.0 = Release|Any CPU
		{058C4890-730E-4DEE-A7B7-A65AF05AF660}.Release|x86.ActiveCfg = Release|Any CPU
		{058C4890-730E-4DEE-A7B7-A65AF05AF660}.Release|x86.Build.0 = Release|Any CPU
		{058C4890-730E-4DEE-A7B7-A65AF05AF660}.Release|x86.Deploy.0 = Release|Any CPU
		{6DF377A6-6DD6-453C-B3A7-BECE267E16B3}.Ad-Hoc|Any CPU.ActiveCfg = Release|Any CPU
		{6DF377A6-6DD6-453C-B3A7-BECE267E16B3}.Ad-Hoc|Any CPU.Build.0 = Release|Any CPU
		{6DF377A6-6DD6-453C-B3A7-BECE267E16B3}.Ad-Hoc|ARM.ActiveCfg = Release|Any CPU
		{6DF377A6-6DD6-453C-B3A7-BECE267E16B3}.Ad-Hoc|ARM.Build.0 = Release|Any CPU
		{6DF377A6-6DD6-453C-B3A7-BECE267E16B3}.Ad-Hoc|iPhone.ActiveCfg = Release|Any CPU
		{6DF377A6-6DD6-453C-B3A7-BECE267E16B3}.Ad-Hoc|iPhone.Build.0 = Release|Any CPU
		{6DF377A6-6DD6-453C-B3A7-BECE267E16B3}.Ad-Hoc|iPhoneSimulator.ActiveCfg = Release|Any CPU
		{6DF377A6-6DD6-453C-B3A7-BECE267E16B3}.Ad-Hoc|iPhoneSimulator.Build.0 = Release|Any CPU
		{6DF377A6-6DD6-453C-B3A7-BECE267E16B3}.Ad-Hoc|x64.ActiveCfg = Release|Any CPU
		{6DF377A6-6DD6-453C-B3A7-BECE267E16B3}.Ad-Hoc|x64.Build.0 = Release|Any CPU
		{6DF377A6-6DD6-453C-B3A7-BECE267E16B3}.Ad-Hoc|x86.ActiveCfg = Release|Any CPU
		{6DF377A6-6DD6-453C-B3A7-BECE267E16B3}.Ad-Hoc|x86.Build.0 = Release|Any CPU
		{6DF377A6-6DD6-453C-B3A7-BECE267E16B3}.AppStore|Any CPU.ActiveCfg = Release|Any CPU
		{6DF377A6-6DD6-453C-B3A7-BECE267E16B3}.AppStore|Any CPU.Build.0 = Release|Any CPU
		{6DF377A6-6DD6-453C-B3A7-BECE267E16B3}.AppStore|ARM.ActiveCfg = Release|Any CPU
		{6DF377A6-6DD6-453C-B3A7-BECE267E16B3}.AppStore|ARM.Build.0 = Release|Any CPU
		{6DF377A6-6DD6-453C-B3A7-BECE267E16B3}.AppStore|iPhone.ActiveCfg = Release|Any CPU
		{6DF377A6-6DD6-453C-B3A7-BECE267E16B3}.AppStore|iPhone.Build.0 = Release|Any CPU
		{6DF377A6-6DD6-453C-B3A7-BECE267E16B3}.AppStore|iPhoneSimulator.ActiveCfg = Release|Any CPU
		{6DF377A6-6DD6-453C-B3A7-BECE267E16B3}.AppStore|iPhoneSimulator.Build.0 = Release|Any CPU
		{6DF377A6-6DD6-453C-B3A7-BECE267E16B3}.AppStore|x64.ActiveCfg = Release|Any CPU
		{6DF377A6-6DD6-453C-B3A7-BECE267E16B3}.AppStore|x64.Build.0 = Release|Any CPU
		{6DF377A6-6DD6-453C-B3A7-BECE267E16B3}.AppStore|x86.ActiveCfg = Release|Any CPU
		{6DF377A6-6DD6-453C-B3A7-BECE267E16B3}.AppStore|x86.Build.0 = Release|Any CPU
		{6DF377A6-6DD6-453C-B3A7-BECE267E16B3}.Debug|Any CPU.ActiveCfg = Debug|Any CPU
		{6DF377A6-6DD6-453C-B3A7-BECE267E16B3}.Debug|Any CPU.Build.0 = Debug|Any CPU
		{6DF377A6-6DD6-453C-B3A7-BECE267E16B3}.Debug|ARM.ActiveCfg = Debug|Any CPU
		{6DF377A6-6DD6-453C-B3A7-BECE267E16B3}.Debug|ARM.Build.0 = Debug|Any CPU
		{6DF377A6-6DD6-453C-B3A7-BECE267E16B3}.Debug|iPhone.ActiveCfg = Debug|Any CPU
		{6DF377A6-6DD6-453C-B3A7-BECE267E16B3}.Debug|iPhone.Build.0 = Debug|Any CPU
		{6DF377A6-6DD6-453C-B3A7-BECE267E16B3}.Debug|iPhoneSimulator.ActiveCfg = Debug|Any CPU
		{6DF377A6-6DD6-453C-B3A7-BECE267E16B3}.Debug|iPhoneSimulator.Build.0 = Debug|Any CPU
		{6DF377A6-6DD6-453C-B3A7-BECE267E16B3}.Debug|x64.ActiveCfg = Debug|Any CPU
		{6DF377A6-6DD6-453C-B3A7-BECE267E16B3}.Debug|x64.Build.0 = Debug|Any CPU
		{6DF377A6-6DD6-453C-B3A7-BECE267E16B3}.Debug|x86.ActiveCfg = Debug|Any CPU
		{6DF377A6-6DD6-453C-B3A7-BECE267E16B3}.Debug|x86.Build.0 = Debug|Any CPU
		{6DF377A6-6DD6-453C-B3A7-BECE267E16B3}.Release|Any CPU.ActiveCfg = Release|Any CPU
		{6DF377A6-6DD6-453C-B3A7-BECE267E16B3}.Release|Any CPU.Build.0 = Release|Any CPU
		{6DF377A6-6DD6-453C-B3A7-BECE267E16B3}.Release|ARM.ActiveCfg = Release|Any CPU
		{6DF377A6-6DD6-453C-B3A7-BECE267E16B3}.Release|ARM.Build.0 = Release|Any CPU
		{6DF377A6-6DD6-453C-B3A7-BECE267E16B3}.Release|iPhone.ActiveCfg = Release|Any CPU
		{6DF377A6-6DD6-453C-B3A7-BECE267E16B3}.Release|iPhone.Build.0 = Release|Any CPU
		{6DF377A6-6DD6-453C-B3A7-BECE267E16B3}.Release|iPhoneSimulator.ActiveCfg = Release|Any CPU
		{6DF377A6-6DD6-453C-B3A7-BECE267E16B3}.Release|iPhoneSimulator.Build.0 = Release|Any CPU
		{6DF377A6-6DD6-453C-B3A7-BECE267E16B3}.Release|x64.ActiveCfg = Release|Any CPU
		{6DF377A6-6DD6-453C-B3A7-BECE267E16B3}.Release|x64.Build.0 = Release|Any CPU
		{6DF377A6-6DD6-453C-B3A7-BECE267E16B3}.Release|x86.ActiveCfg = Release|Any CPU
		{6DF377A6-6DD6-453C-B3A7-BECE267E16B3}.Release|x86.Build.0 = Release|Any CPU
		{B2AADC75-083D-4AF1-A581-F314FD678D81}.Ad-Hoc|Any CPU.ActiveCfg = Release|x86
		{B2AADC75-083D-4AF1-A581-F314FD678D81}.Ad-Hoc|Any CPU.Build.0 = Release|x86
		{B2AADC75-083D-4AF1-A581-F314FD678D81}.Ad-Hoc|Any CPU.Deploy.0 = Release|x86
		{B2AADC75-083D-4AF1-A581-F314FD678D81}.Ad-Hoc|ARM.ActiveCfg = Release|ARM
		{B2AADC75-083D-4AF1-A581-F314FD678D81}.Ad-Hoc|ARM.Build.0 = Release|ARM
		{B2AADC75-083D-4AF1-A581-F314FD678D81}.Ad-Hoc|ARM.Deploy.0 = Release|ARM
		{B2AADC75-083D-4AF1-A581-F314FD678D81}.Ad-Hoc|iPhone.ActiveCfg = Release|x86
		{B2AADC75-083D-4AF1-A581-F314FD678D81}.Ad-Hoc|iPhone.Build.0 = Release|x86
		{B2AADC75-083D-4AF1-A581-F314FD678D81}.Ad-Hoc|iPhone.Deploy.0 = Release|x86
		{B2AADC75-083D-4AF1-A581-F314FD678D81}.Ad-Hoc|iPhoneSimulator.ActiveCfg = Release|x86
		{B2AADC75-083D-4AF1-A581-F314FD678D81}.Ad-Hoc|iPhoneSimulator.Build.0 = Release|x86
		{B2AADC75-083D-4AF1-A581-F314FD678D81}.Ad-Hoc|iPhoneSimulator.Deploy.0 = Release|x86
		{B2AADC75-083D-4AF1-A581-F314FD678D81}.Ad-Hoc|x64.ActiveCfg = Release|x64
		{B2AADC75-083D-4AF1-A581-F314FD678D81}.Ad-Hoc|x64.Build.0 = Release|x64
		{B2AADC75-083D-4AF1-A581-F314FD678D81}.Ad-Hoc|x64.Deploy.0 = Release|x64
		{B2AADC75-083D-4AF1-A581-F314FD678D81}.Ad-Hoc|x86.ActiveCfg = Release|x86
		{B2AADC75-083D-4AF1-A581-F314FD678D81}.Ad-Hoc|x86.Build.0 = Release|x86
		{B2AADC75-083D-4AF1-A581-F314FD678D81}.Ad-Hoc|x86.Deploy.0 = Release|x86
		{B2AADC75-083D-4AF1-A581-F314FD678D81}.AppStore|Any CPU.ActiveCfg = Release|x86
		{B2AADC75-083D-4AF1-A581-F314FD678D81}.AppStore|Any CPU.Build.0 = Release|x86
		{B2AADC75-083D-4AF1-A581-F314FD678D81}.AppStore|Any CPU.Deploy.0 = Release|x86
		{B2AADC75-083D-4AF1-A581-F314FD678D81}.AppStore|ARM.ActiveCfg = Release|ARM
		{B2AADC75-083D-4AF1-A581-F314FD678D81}.AppStore|ARM.Build.0 = Release|ARM
		{B2AADC75-083D-4AF1-A581-F314FD678D81}.AppStore|ARM.Deploy.0 = Release|ARM
		{B2AADC75-083D-4AF1-A581-F314FD678D81}.AppStore|iPhone.ActiveCfg = Release|x86
		{B2AADC75-083D-4AF1-A581-F314FD678D81}.AppStore|iPhone.Build.0 = Release|x86
		{B2AADC75-083D-4AF1-A581-F314FD678D81}.AppStore|iPhone.Deploy.0 = Release|x86
		{B2AADC75-083D-4AF1-A581-F314FD678D81}.AppStore|iPhoneSimulator.ActiveCfg = Release|x86
		{B2AADC75-083D-4AF1-A581-F314FD678D81}.AppStore|iPhoneSimulator.Build.0 = Release|x86
		{B2AADC75-083D-4AF1-A581-F314FD678D81}.AppStore|iPhoneSimulator.Deploy.0 = Release|x86
		{B2AADC75-083D-4AF1-A581-F314FD678D81}.AppStore|x64.ActiveCfg = Release|x64
		{B2AADC75-083D-4AF1-A581-F314FD678D81}.AppStore|x64.Build.0 = Release|x64
		{B2AADC75-083D-4AF1-A581-F314FD678D81}.AppStore|x64.Deploy.0 = Release|x64
		{B2AADC75-083D-4AF1-A581-F314FD678D81}.AppStore|x86.ActiveCfg = Release|x86
		{B2AADC75-083D-4AF1-A581-F314FD678D81}.AppStore|x86.Build.0 = Release|x86
		{B2AADC75-083D-4AF1-A581-F314FD678D81}.AppStore|x86.Deploy.0 = Release|x86
		{B2AADC75-083D-4AF1-A581-F314FD678D81}.Debug|Any CPU.ActiveCfg = Debug|x86
		{B2AADC75-083D-4AF1-A581-F314FD678D81}.Debug|ARM.ActiveCfg = Debug|ARM
		{B2AADC75-083D-4AF1-A581-F314FD678D81}.Debug|ARM.Build.0 = Debug|ARM
		{B2AADC75-083D-4AF1-A581-F314FD678D81}.Debug|ARM.Deploy.0 = Debug|ARM
		{B2AADC75-083D-4AF1-A581-F314FD678D81}.Debug|iPhone.ActiveCfg = Debug|x86
		{B2AADC75-083D-4AF1-A581-F314FD678D81}.Debug|iPhoneSimulator.ActiveCfg = Debug|x86
		{B2AADC75-083D-4AF1-A581-F314FD678D81}.Debug|x64.ActiveCfg = Debug|x64
		{B2AADC75-083D-4AF1-A581-F314FD678D81}.Debug|x64.Build.0 = Debug|x64
		{B2AADC75-083D-4AF1-A581-F314FD678D81}.Debug|x64.Deploy.0 = Debug|x64
		{B2AADC75-083D-4AF1-A581-F314FD678D81}.Debug|x86.ActiveCfg = Debug|x86
		{B2AADC75-083D-4AF1-A581-F314FD678D81}.Debug|x86.Build.0 = Debug|x86
		{B2AADC75-083D-4AF1-A581-F314FD678D81}.Debug|x86.Deploy.0 = Debug|x86
		{B2AADC75-083D-4AF1-A581-F314FD678D81}.Release|Any CPU.ActiveCfg = Release|x86
		{B2AADC75-083D-4AF1-A581-F314FD678D81}.Release|ARM.ActiveCfg = Release|ARM
		{B2AADC75-083D-4AF1-A581-F314FD678D81}.Release|ARM.Build.0 = Release|ARM
		{B2AADC75-083D-4AF1-A581-F314FD678D81}.Release|ARM.Deploy.0 = Release|ARM
		{B2AADC75-083D-4AF1-A581-F314FD678D81}.Release|iPhone.ActiveCfg = Release|x86
		{B2AADC75-083D-4AF1-A581-F314FD678D81}.Release|iPhoneSimulator.ActiveCfg = Release|x86
		{B2AADC75-083D-4AF1-A581-F314FD678D81}.Release|x64.ActiveCfg = Release|x64
		{B2AADC75-083D-4AF1-A581-F314FD678D81}.Release|x64.Build.0 = Release|x64
		{B2AADC75-083D-4AF1-A581-F314FD678D81}.Release|x64.Deploy.0 = Release|x64
		{B2AADC75-083D-4AF1-A581-F314FD678D81}.Release|x86.ActiveCfg = Release|x86
		{B2AADC75-083D-4AF1-A581-F314FD678D81}.Release|x86.Build.0 = Release|x86
		{B2AADC75-083D-4AF1-A581-F314FD678D81}.Release|x86.Deploy.0 = Release|x86
		{37D71E07-8F2B-4E86-A7F8-168A6CE03B40}.Ad-Hoc|Any CPU.ActiveCfg = Ad-Hoc|iPhone
		{37D71E07-8F2B-4E86-A7F8-168A6CE03B40}.Ad-Hoc|ARM.ActiveCfg = Ad-Hoc|iPhone
		{37D71E07-8F2B-4E86-A7F8-168A6CE03B40}.Ad-Hoc|iPhone.ActiveCfg = Ad-Hoc|iPhone
		{37D71E07-8F2B-4E86-A7F8-168A6CE03B40}.Ad-Hoc|iPhone.Build.0 = Ad-Hoc|iPhone
		{37D71E07-8F2B-4E86-A7F8-168A6CE03B40}.Ad-Hoc|iPhoneSimulator.ActiveCfg = Ad-Hoc|iPhoneSimulator
		{37D71E07-8F2B-4E86-A7F8-168A6CE03B40}.Ad-Hoc|iPhoneSimulator.Build.0 = Ad-Hoc|iPhoneSimulator
		{37D71E07-8F2B-4E86-A7F8-168A6CE03B40}.Ad-Hoc|x64.ActiveCfg = Ad-Hoc|iPhone
		{37D71E07-8F2B-4E86-A7F8-168A6CE03B40}.Ad-Hoc|x86.ActiveCfg = Ad-Hoc|iPhone
		{37D71E07-8F2B-4E86-A7F8-168A6CE03B40}.AppStore|Any CPU.ActiveCfg = AppStore|iPhone
		{37D71E07-8F2B-4E86-A7F8-168A6CE03B40}.AppStore|ARM.ActiveCfg = AppStore|iPhone
		{37D71E07-8F2B-4E86-A7F8-168A6CE03B40}.AppStore|iPhone.ActiveCfg = AppStore|iPhone
		{37D71E07-8F2B-4E86-A7F8-168A6CE03B40}.AppStore|iPhone.Build.0 = AppStore|iPhone
		{37D71E07-8F2B-4E86-A7F8-168A6CE03B40}.AppStore|iPhoneSimulator.ActiveCfg = AppStore|iPhoneSimulator
		{37D71E07-8F2B-4E86-A7F8-168A6CE03B40}.AppStore|iPhoneSimulator.Build.0 = AppStore|iPhoneSimulator
		{37D71E07-8F2B-4E86-A7F8-168A6CE03B40}.AppStore|x64.ActiveCfg = AppStore|iPhone
		{37D71E07-8F2B-4E86-A7F8-168A6CE03B40}.AppStore|x86.ActiveCfg = AppStore|iPhone
		{37D71E07-8F2B-4E86-A7F8-168A6CE03B40}.Debug|Any CPU.ActiveCfg = Debug|iPhone
		{37D71E07-8F2B-4E86-A7F8-168A6CE03B40}.Debug|ARM.ActiveCfg = Debug|iPhone
		{37D71E07-8F2B-4E86-A7F8-168A6CE03B40}.Debug|iPhone.ActiveCfg = Debug|iPhone
		{37D71E07-8F2B-4E86-A7F8-168A6CE03B40}.Debug|iPhone.Build.0 = Debug|iPhone
		{37D71E07-8F2B-4E86-A7F8-168A6CE03B40}.Debug|iPhoneSimulator.ActiveCfg = Debug|iPhoneSimulator
		{37D71E07-8F2B-4E86-A7F8-168A6CE03B40}.Debug|iPhoneSimulator.Build.0 = Debug|iPhoneSimulator
		{37D71E07-8F2B-4E86-A7F8-168A6CE03B40}.Debug|x64.ActiveCfg = Debug|iPhone
		{37D71E07-8F2B-4E86-A7F8-168A6CE03B40}.Debug|x86.ActiveCfg = Debug|iPhone
		{37D71E07-8F2B-4E86-A7F8-168A6CE03B40}.Release|Any CPU.ActiveCfg = Release|iPhone
		{37D71E07-8F2B-4E86-A7F8-168A6CE03B40}.Release|ARM.ActiveCfg = Release|iPhone
		{37D71E07-8F2B-4E86-A7F8-168A6CE03B40}.Release|iPhone.ActiveCfg = Release|iPhone
		{37D71E07-8F2B-4E86-A7F8-168A6CE03B40}.Release|iPhone.Build.0 = Release|iPhone
		{37D71E07-8F2B-4E86-A7F8-168A6CE03B40}.Release|iPhoneSimulator.ActiveCfg = Release|iPhoneSimulator
		{37D71E07-8F2B-4E86-A7F8-168A6CE03B40}.Release|iPhoneSimulator.Build.0 = Release|iPhoneSimulator
		{37D71E07-8F2B-4E86-A7F8-168A6CE03B40}.Release|x64.ActiveCfg = Release|iPhone
		{37D71E07-8F2B-4E86-A7F8-168A6CE03B40}.Release|x86.ActiveCfg = Release|iPhone
	EndGlobalSection
	GlobalSection(SolutionProperties) = preSolution
		HideSolutionNode = FALSE
	EndGlobalSection
EndGlobal
